
Microsoft Visual Studio Solution File, Format Version 12.00
# Visual Studio 15
VisualStudioVersion = 15.0.27130.2024
MinimumVisualStudioVersion = 10.0.40219.1
Project("{FAE04EC0-301F-11D3-BF4B-00C04F79EFBC}") = "MKVExtractSharpGUI", "MKVExtractSharpGUI\MKVExtractSharpGUI.csproj", "{138D034B-5EA5-4502-BC9C-B47A26CDEFC4}"
EndProject
Global
	GlobalSection(SolutionConfigurationPlatforms) = preSolution
		Debug|Any CPU = Debug|Any CPU
		Release|Any CPU = Release|Any CPU
	EndGlobalSection
	GlobalSection(ProjectConfigurationPlatforms) = postSolution
		{138D034B-5EA5-4502-BC9C-B47A26CDEFC4}.Debug|Any CPU.ActiveCfg = Debug|Any CPU
		{138D034B-5EA5-4502-BC9C-B47A26CDEFC4}.Debug|Any CPU.Build.0 = Debug|Any CPU
		{138D034B-5EA5-4502-BC9C-B47A26CDEFC4}.Release|Any CPU.ActiveCfg = Release|Any CPU
		{138D034B-5EA5-4502-BC9C-B47A26CDEFC4}.Release|Any CPU.Build.0 = Release|Any CPU
	EndGlobalSection
	GlobalSection(SolutionProperties) = preSolution
		HideSolutionNode = FALSE
	EndGlobalSection
	GlobalSection(ExtensibilityGlobals) = postSolution
		SolutionGuid = {D9BED5F3-7205-481D-97A1-E904FCA32DDF}
	EndGlobalSection
EndGlobal
